
Microsoft Visual Studio Solution File, Format Version 12.00
# Visual Studio Version 17
VisualStudioVersion = 17.14.36518.9 d17.14
MinimumVisualStudioVersion = 10.0.40219.1
Project("{FAE04EC0-301F-11D3-BF4B-00C04F79EFBC}") = "EstruturaWhile", "EstruturaWhile\EstruturaWhile.csproj", "{566DAEB7-C3D5-4640-953B-17D49CD793DE}"
EndProject
Global
	GlobalSection(SolutionConfigurationPlatforms) = preSolution
		Debug|Any CPU = Debug|Any CPU
		Release|Any CPU = Release|Any CPU
	EndGlobalSection
	GlobalSection(ProjectConfigurationPlatforms) = postSolution
		{566DAEB7-C3D5-4640-953B-17D49CD793DE}.Debug|Any CPU.ActiveCfg = Debug|Any CPU
		{566DAEB7-C3D5-4640-953B-17D49CD793DE}.Debug|Any CPU.Build.0 = Debug|Any CPU
		{566DAEB7-C3D5-4640-953B-17D49CD793DE}.Release|Any CPU.ActiveCfg = Release|Any CPU
		{566DAEB7-C3D5-4640-953B-17D49CD793DE}.Release|Any CPU.Build.0 = Release|Any CPU
	EndGlobalSection
	GlobalSection(SolutionProperties) = preSolution
		HideSolutionNode = FALSE
	EndGlobalSection
	GlobalSection(ExtensibilityGlobals) = postSolution
		SolutionGuid = {CEAE2069-68D0-4B66-A30F-3C23B755D4E3}
	EndGlobalSection
EndGlobal
