
Microsoft Visual Studio Solution File, Format Version 12.00
# Visual Studio Version 17
VisualStudioVersion = 17.14.36518.9 d17.14
MinimumVisualStudioVersion = 10.0.40219.1
Project("{FAE04EC0-301F-11D3-BF4B-00C04F79EFBC}") = "SaidaDados2", "SaidaDados2\SaidaDados2.csproj", "{443D4BDA-CE0D-4C10-81F8-285F8A17A44E}"
EndProject
Global
	GlobalSection(SolutionConfigurationPlatforms) = preSolution
		Debug|Any CPU = Debug|Any CPU
		Release|Any CPU = Release|Any CPU
	EndGlobalSection
	GlobalSection(ProjectConfigurationPlatforms) = postSolution
		{443D4BDA-CE0D-4C10-81F8-285F8A17A44E}.Debug|Any CPU.ActiveCfg = Debug|Any CPU
		{443D4BDA-CE0D-4C10-81F8-285F8A17A44E}.Debug|Any CPU.Build.0 = Debug|Any CPU
		{443D4BDA-CE0D-4C10-81F8-285F8A17A44E}.Release|Any CPU.ActiveCfg = Release|Any CPU
		{443D4BDA-CE0D-4C10-81F8-285F8A17A44E}.Release|Any CPU.Build.0 = Release|Any CPU
	EndGlobalSection
	GlobalSection(SolutionProperties) = preSolution
		HideSolutionNode = FALSE
	EndGlobalSection
	GlobalSection(ExtensibilityGlobals) = postSolution
		SolutionGuid = {6DD34609-805D-4F8F-A063-4D07DC3B39F3}
	EndGlobalSection
EndGlobal
