
Microsoft Visual Studio Solution File, Format Version 12.00
# Visual Studio Version 17
VisualStudioVersion = 17.14.36518.9 d17.14
MinimumVisualStudioVersion = 10.0.40219.1
Project("{FAE04EC0-301F-11D3-BF4B-00C04F79EFBC}") = "Exec3", "Exec3\Exec3.csproj", "{98F9FEAC-1692-427F-B114-6C129CF73D8A}"
EndProject
Global
	GlobalSection(SolutionConfigurationPlatforms) = preSolution
		Debug|Any CPU = Debug|Any CPU
		Release|Any CPU = Release|Any CPU
	EndGlobalSection
	GlobalSection(ProjectConfigurationPlatforms) = postSolution
		{98F9FEAC-1692-427F-B114-6C129CF73D8A}.Debug|Any CPU.ActiveCfg = Debug|Any CPU
		{98F9FEAC-1692-427F-B114-6C129CF73D8A}.Debug|Any CPU.Build.0 = Debug|Any CPU
		{98F9FEAC-1692-427F-B114-6C129CF73D8A}.Release|Any CPU.ActiveCfg = Release|Any CPU
		{98F9FEAC-1692-427F-B114-6C129CF73D8A}.Release|Any CPU.Build.0 = Release|Any CPU
	EndGlobalSection
	GlobalSection(SolutionProperties) = preSolution
		HideSolutionNode = FALSE
	EndGlobalSection
	GlobalSection(ExtensibilityGlobals) = postSolution
		SolutionGuid = {ED9A0F61-8D8D-42FD-AF91-EFA2D70EAAA1}
	EndGlobalSection
EndGlobal
