
Microsoft Visual Studio Solution File, Format Version 12.00
# Visual Studio Version 17
VisualStudioVersion = 17.14.36518.9 d17.14
MinimumVisualStudioVersion = 10.0.40219.1
Project("{FAE04EC0-301F-11D3-BF4B-00C04F79EFBC}") = "SegundoProjeto", "SegundoProjeto\SegundoProjeto.csproj", "{2319D410-5926-458E-A29F-127531F2725A}"
EndProject
Global
	GlobalSection(SolutionConfigurationPlatforms) = preSolution
		Debug|Any CPU = Debug|Any CPU
		Release|Any CPU = Release|Any CPU
	EndGlobalSection
	GlobalSection(ProjectConfigurationPlatforms) = postSolution
		{2319D410-5926-458E-A29F-127531F2725A}.Debug|Any CPU.ActiveCfg = Debug|Any CPU
		{2319D410-5926-458E-A29F-127531F2725A}.Debug|Any CPU.Build.0 = Debug|Any CPU
		{2319D410-5926-458E-A29F-127531F2725A}.Release|Any CPU.ActiveCfg = Release|Any CPU
		{2319D410-5926-458E-A29F-127531F2725A}.Release|Any CPU.Build.0 = Release|Any CPU
	EndGlobalSection
	GlobalSection(SolutionProperties) = preSolution
		HideSolutionNode = FALSE
	EndGlobalSection
	GlobalSection(ExtensibilityGlobals) = postSolution
		SolutionGuid = {4F643E25-D1E9-4944-A928-C11319C872CA}
	EndGlobalSection
EndGlobal
