
Microsoft Visual Studio Solution File, Format Version 12.00
# Visual Studio Version 17
VisualStudioVersion = 17.14.36518.9 d17.14
MinimumVisualStudioVersion = 10.0.40219.1
Project("{FAE04EC0-301F-11D3-BF4B-00C04F79EFBC}") = "Vetor", "Vetor\Vetor.csproj", "{17DD3C71-F340-4EAC-9B80-B33DAEB91F36}"
EndProject
Global
	GlobalSection(SolutionConfigurationPlatforms) = preSolution
		Debug|Any CPU = Debug|Any CPU
		Release|Any CPU = Release|Any CPU
	EndGlobalSection
	GlobalSection(ProjectConfigurationPlatforms) = postSolution
		{17DD3C71-F340-4EAC-9B80-B33DAEB91F36}.Debug|Any CPU.ActiveCfg = Debug|Any CPU
		{17DD3C71-F340-4EAC-9B80-B33DAEB91F36}.Debug|Any CPU.Build.0 = Debug|Any CPU
		{17DD3C71-F340-4EAC-9B80-B33DAEB91F36}.Release|Any CPU.ActiveCfg = Release|Any CPU
		{17DD3C71-F340-4EAC-9B80-B33DAEB91F36}.Release|Any CPU.Build.0 = Release|Any CPU
	EndGlobalSection
	GlobalSection(SolutionProperties) = preSolution
		HideSolutionNode = FALSE
	EndGlobalSection
	GlobalSection(ExtensibilityGlobals) = postSolution
		SolutionGuid = {04202CE2-70F5-4112-A9E8-DA47CC6EDEAF}
	EndGlobalSection
EndGlobal
