
Microsoft Visual Studio Solution File, Format Version 12.00
# Visual Studio Version 17
VisualStudioVersion = 17.14.36518.9 d17.14
MinimumVisualStudioVersion = 10.0.40219.1
Project("{FAE04EC0-301F-11D3-BF4B-00C04F79EFBC}") = "OperadoresAtribuicao", "OperadoresAtribuicao\OperadoresAtribuicao.csproj", "{450C1DE2-62BF-44B1-9B96-1ABF95AB82B6}"
EndProject
Global
	GlobalSection(SolutionConfigurationPlatforms) = preSolution
		Debug|Any CPU = Debug|Any CPU
		Release|Any CPU = Release|Any CPU
	EndGlobalSection
	GlobalSection(ProjectConfigurationPlatforms) = postSolution
		{450C1DE2-62BF-44B1-9B96-1ABF95AB82B6}.Debug|Any CPU.ActiveCfg = Debug|Any CPU
		{450C1DE2-62BF-44B1-9B96-1ABF95AB82B6}.Debug|Any CPU.Build.0 = Debug|Any CPU
		{450C1DE2-62BF-44B1-9B96-1ABF95AB82B6}.Release|Any CPU.ActiveCfg = Release|Any CPU
		{450C1DE2-62BF-44B1-9B96-1ABF95AB82B6}.Release|Any CPU.Build.0 = Release|Any CPU
	EndGlobalSection
	GlobalSection(SolutionProperties) = preSolution
		HideSolutionNode = FALSE
	EndGlobalSection
	GlobalSection(ExtensibilityGlobals) = postSolution
		SolutionGuid = {87C46F00-51A5-447C-9D48-D0519EB6D723}
	EndGlobalSection
EndGlobal
