
Microsoft Visual Studio Solution File, Format Version 12.00
# Visual Studio Version 17
VisualStudioVersion = 17.14.36518.9 d17.14
MinimumVisualStudioVersion = 10.0.40219.1
Project("{FAE04EC0-301F-11D3-BF4B-00C04F79EFBC}") = "OperadoresLogicos", "OperadoresLogicos\OperadoresLogicos.csproj", "{1D0C3BAE-BDB5-4F27-B729-739337C81DE2}"
EndProject
Global
	GlobalSection(SolutionConfigurationPlatforms) = preSolution
		Debug|Any CPU = Debug|Any CPU
		Release|Any CPU = Release|Any CPU
	EndGlobalSection
	GlobalSection(ProjectConfigurationPlatforms) = postSolution
		{1D0C3BAE-BDB5-4F27-B729-739337C81DE2}.Debug|Any CPU.ActiveCfg = Debug|Any CPU
		{1D0C3BAE-BDB5-4F27-B729-739337C81DE2}.Debug|Any CPU.Build.0 = Debug|Any CPU
		{1D0C3BAE-BDB5-4F27-B729-739337C81DE2}.Release|Any CPU.ActiveCfg = Release|Any CPU
		{1D0C3BAE-BDB5-4F27-B729-739337C81DE2}.Release|Any CPU.Build.0 = Release|Any CPU
	EndGlobalSection
	GlobalSection(SolutionProperties) = preSolution
		HideSolutionNode = FALSE
	EndGlobalSection
	GlobalSection(ExtensibilityGlobals) = postSolution
		SolutionGuid = {BFCE8B0C-8282-49EE-A871-B699FCE1F9C5}
	EndGlobalSection
EndGlobal
